
Microsoft Visual Studio Solution File, Format Version 12.00
Project("{FAE04EC0-301F-11D3-BF4B-00C04F79EFBC}") = "school-exams-management-system", "school-exams-management-system\school-exams-management-system.csproj", "{ACF5A9BB-B578-4C88-B6A1-2BC77F698190}"
EndProject
Global
	GlobalSection(SolutionConfigurationPlatforms) = preSolution
		Debug|Any CPU = Debug|Any CPU
		Release|Any CPU = Release|Any CPU
	EndGlobalSection
	GlobalSection(ProjectConfigurationPlatforms) = postSolution
		{ACF5A9BB-B578-4C88-B6A1-2BC77F698190}.Debug|Any CPU.ActiveCfg = Debug|Any CPU
		{ACF5A9BB-B578-4C88-B6A1-2BC77F698190}.Debug|Any CPU.Build.0 = Debug|Any CPU
		{ACF5A9BB-B578-4C88-B6A1-2BC77F698190}.Release|Any CPU.ActiveCfg = Release|Any CPU
		{ACF5A9BB-B578-4C88-B6A1-2BC77F698190}.Release|Any CPU.Build.0 = Release|Any CPU
	EndGlobalSection
EndGlobal
